
Microsoft Visual Studio Solution File, Format Version 12.00
# Visual Studio 15
VisualStudioVersion = 15.0.27703.2026
MinimumVisualStudioVersion = 10.0.40219.1
Project("{FAE04EC0-301F-11D3-BF4B-00C04F79EFBC}") = "TodoMVC.Tests", "TodoMVC.PageObjects\TodoMVC.Tests.csproj", "{1145A730-58E3-4862-BC19-8892517B7D98}"
EndProject
Project("{FAE04EC0-301F-11D3-BF4B-00C04F79EFBC}") = "MailBox.Tests", "MailBox.Tests\MailBox.Tests.csproj", "{8D241DB6-7995-4753-9F18-63CB6D2A2AA4}"
EndProject
Global
	GlobalSection(SolutionConfigurationPlatforms) = preSolution
		Debug|Any CPU = Debug|Any CPU
		Release|Any CPU = Release|Any CPU
	EndGlobalSection
	GlobalSection(ProjectConfigurationPlatforms) = postSolution
		{1145A730-58E3-4862-BC19-8892517B7D98}.Debug|Any CPU.ActiveCfg = Debug|Any CPU
		{1145A730-58E3-4862-BC19-8892517B7D98}.Debug|Any CPU.Build.0 = Debug|Any CPU
		{1145A730-58E3-4862-BC19-8892517B7D98}.Release|Any CPU.ActiveCfg = Release|Any CPU
		{1145A730-58E3-4862-BC19-8892517B7D98}.Release|Any CPU.Build.0 = Release|Any CPU
		{8D241DB6-7995-4753-9F18-63CB6D2A2AA4}.Debug|Any CPU.ActiveCfg = Debug|Any CPU
		{8D241DB6-7995-4753-9F18-63CB6D2A2AA4}.Debug|Any CPU.Build.0 = Debug|Any CPU
		{8D241DB6-7995-4753-9F18-63CB6D2A2AA4}.Release|Any CPU.ActiveCfg = Release|Any CPU
		{8D241DB6-7995-4753-9F18-63CB6D2A2AA4}.Release|Any CPU.Build.0 = Release|Any CPU
	EndGlobalSection
	GlobalSection(SolutionProperties) = preSolution
		HideSolutionNode = FALSE
	EndGlobalSection
	GlobalSection(ExtensibilityGlobals) = postSolution
		SolutionGuid = {A2283891-C129-44AC-A87C-F7DE6CA91BE6}
	EndGlobalSection
EndGlobal
